
Microsoft Visual Studio Solution File, Format Version 12.00
# Visual Studio Version 17
VisualStudioVersion = 17.9.34701.34
MinimumVisualStudioVersion = 10.0.40219.1
Project("{9A19103F-16F7-4668-BE54-9A1E7A4F7556}") = "BusinessObjects", "BusinessObjects\BusinessObjects.csproj", "{78FBE278-7CEA-401E-8E46-6AE366B1B2DF}"
EndProject
Project("{9A19103F-16F7-4668-BE54-9A1E7A4F7556}") = "Repository", "Repository\Repository.csproj", "{01298115-D4DA-4191-87A7-C6C5562C4C6F}"
EndProject
Project("{9A19103F-16F7-4668-BE54-9A1E7A4F7556}") = "WebAPI", "WebAPI\WebAPI.csproj", "{CD79ECDB-6992-424D-8E46-F4B3F267CE56}"
EndProject
Project("{FAE04EC0-301F-11D3-BF4B-00C04F79EFBC}") = "WebApp", "WebApp\WebApp.csproj", "{1CF24B0E-20CB-4788-BD4E-C038765DF0D6}"
EndProject
Global
	GlobalSection(SolutionConfigurationPlatforms) = preSolution
		Debug|Any CPU = Debug|Any CPU
		Release|Any CPU = Release|Any CPU
	EndGlobalSection
	GlobalSection(ProjectConfigurationPlatforms) = postSolution
		{78FBE278-7CEA-401E-8E46-6AE366B1B2DF}.Debug|Any CPU.ActiveCfg = Debug|Any CPU
		{78FBE278-7CEA-401E-8E46-6AE366B1B2DF}.Debug|Any CPU.Build.0 = Debug|Any CPU
		{78FBE278-7CEA-401E-8E46-6AE366B1B2DF}.Release|Any CPU.ActiveCfg = Release|Any CPU
		{78FBE278-7CEA-401E-8E46-6AE366B1B2DF}.Release|Any CPU.Build.0 = Release|Any CPU
		{01298115-D4DA-4191-87A7-C6C5562C4C6F}.Debug|Any CPU.ActiveCfg = Debug|Any CPU
		{01298115-D4DA-4191-87A7-C6C5562C4C6F}.Debug|Any CPU.Build.0 = Debug|Any CPU
		{01298115-D4DA-4191-87A7-C6C5562C4C6F}.Release|Any CPU.ActiveCfg = Release|Any CPU
		{01298115-D4DA-4191-87A7-C6C5562C4C6F}.Release|Any CPU.Build.0 = Release|Any CPU
		{CD79ECDB-6992-424D-8E46-F4B3F267CE56}.Debug|Any CPU.ActiveCfg = Debug|Any CPU
		{CD79ECDB-6992-424D-8E46-F4B3F267CE56}.Debug|Any CPU.Build.0 = Debug|Any CPU
		{CD79ECDB-6992-424D-8E46-F4B3F267CE56}.Release|Any CPU.ActiveCfg = Release|Any CPU
		{CD79ECDB-6992-424D-8E46-F4B3F267CE56}.Release|Any CPU.Build.0 = Release|Any CPU
		{1CF24B0E-20CB-4788-BD4E-C038765DF0D6}.Debug|Any CPU.ActiveCfg = Debug|Any CPU
		{1CF24B0E-20CB-4788-BD4E-C038765DF0D6}.Debug|Any CPU.Build.0 = Debug|Any CPU
		{1CF24B0E-20CB-4788-BD4E-C038765DF0D6}.Release|Any CPU.ActiveCfg = Release|Any CPU
		{1CF24B0E-20CB-4788-BD4E-C038765DF0D6}.Release|Any CPU.Build.0 = Release|Any CPU
	EndGlobalSection
	GlobalSection(SolutionProperties) = preSolution
		HideSolutionNode = FALSE
	EndGlobalSection
	GlobalSection(ExtensibilityGlobals) = postSolution
		SolutionGuid = {401FEE71-C61A-4A91-9AB8-FD2FDF550E3F}
	EndGlobalSection
EndGlobal
